
Microsoft Visual Studio Solution File, Format Version 12.00
# Visual Studio Version 16
VisualStudioVersion = 16.0.31205.134
MinimumVisualStudioVersion = 10.0.40219.1
Project("{9A19103F-16F7-4668-BE54-9A1E7A4F7556}") = "PlumGuide.Rover.Service", "PlumGuide.Rover.Service\PlumGuide.Rover.Service.csproj", "{8AC45840-A35A-451E-BCFB-88EEEB6CEC88}"
EndProject
Project("{9A19103F-16F7-4668-BE54-9A1E7A4F7556}") = "PlumGuide.Rover.Tests", "PlumGuide.Rover.Tests\PlumGuide.Rover.Tests.csproj", "{77C446DA-F5AB-48DD-AE22-360844967350}"
EndProject
Global
	GlobalSection(SolutionConfigurationPlatforms) = preSolution
		Debug|Any CPU = Debug|Any CPU
		Release|Any CPU = Release|Any CPU
	EndGlobalSection
	GlobalSection(ProjectConfigurationPlatforms) = postSolution
		{8AC45840-A35A-451E-BCFB-88EEEB6CEC88}.Debug|Any CPU.ActiveCfg = Debug|Any CPU
		{8AC45840-A35A-451E-BCFB-88EEEB6CEC88}.Debug|Any CPU.Build.0 = Debug|Any CPU
		{8AC45840-A35A-451E-BCFB-88EEEB6CEC88}.Release|Any CPU.ActiveCfg = Release|Any CPU
		{8AC45840-A35A-451E-BCFB-88EEEB6CEC88}.Release|Any CPU.Build.0 = Release|Any CPU
		{77C446DA-F5AB-48DD-AE22-360844967350}.Debug|Any CPU.ActiveCfg = Debug|Any CPU
		{77C446DA-F5AB-48DD-AE22-360844967350}.Debug|Any CPU.Build.0 = Debug|Any CPU
		{77C446DA-F5AB-48DD-AE22-360844967350}.Release|Any CPU.ActiveCfg = Release|Any CPU
		{77C446DA-F5AB-48DD-AE22-360844967350}.Release|Any CPU.Build.0 = Release|Any CPU
	EndGlobalSection
	GlobalSection(SolutionProperties) = preSolution
		HideSolutionNode = FALSE
	EndGlobalSection
	GlobalSection(ExtensibilityGlobals) = postSolution
		SolutionGuid = {5FBB7B27-AB43-45EE-8CF6-8C65EB9BE553}
	EndGlobalSection
EndGlobal
